
Microsoft Visual Studio Solution File, Format Version 12.00
# Visual Studio Version 17
VisualStudioVersion = 17.7.34221.43
MinimumVisualStudioVersion = 10.0.40219.1
Project("{FAE04EC0-301F-11D3-BF4B-00C04F79EFBC}") = "NureTimetableAPI", "NureTimetableAPI\NureTimetableAPI.csproj", "{11A606E5-BC53-416D-B689-D91EBC3CE73D}"
EndProject
Global
	GlobalSection(SolutionConfigurationPlatforms) = preSolution
		Debug|Any CPU = Debug|Any CPU
		Release|Any CPU = Release|Any CPU
	EndGlobalSection
	GlobalSection(ProjectConfigurationPlatforms) = postSolution
		{11A606E5-BC53-416D-B689-D91EBC3CE73D}.Debug|Any CPU.ActiveCfg = Debug|Any CPU
		{11A606E5-BC53-416D-B689-D91EBC3CE73D}.Debug|Any CPU.Build.0 = Debug|Any CPU
		{11A606E5-BC53-416D-B689-D91EBC3CE73D}.Release|Any CPU.ActiveCfg = Release|Any CPU
		{11A606E5-BC53-416D-B689-D91EBC3CE73D}.Release|Any CPU.Build.0 = Release|Any CPU
	EndGlobalSection
	GlobalSection(SolutionProperties) = preSolution
		HideSolutionNode = FALSE
	EndGlobalSection
	GlobalSection(ExtensibilityGlobals) = postSolution
		SolutionGuid = {432643E4-09EB-42D0-A112-4005E04C661F}
	EndGlobalSection
EndGlobal
